
Microsoft Visual Studio Solution File, Format Version 12.00
# Visual Studio Version 17
VisualStudioVersion = 17.9.34728.123
MinimumVisualStudioVersion = 10.0.40219.1
Project("{9A19103F-16F7-4668-BE54-9A1E7A4F7556}") = "Carbo", "Carbo\Carbo.csproj", "{2B21147A-FEB8-492B-9989-A658EF365A28}"
EndProject
Project("{9A19103F-16F7-4668-BE54-9A1E7A4F7556}") = "Carbo.Desktop", "Carbo.Desktop\Carbo.Desktop.csproj", "{6D43BB22-CAE7-4B29-9805-883C3A0A982A}"
EndProject
Project("{FAE04EC0-301F-11D3-BF4B-00C04F79EFBC}") = "Carbo.Core", "Carbo.Core\Carbo.Core.csproj", "{D936EB7D-814D-496E-9AF8-03ADAFC9743B}"
EndProject
Global
	GlobalSection(SolutionConfigurationPlatforms) = preSolution
		Debug|Any CPU = Debug|Any CPU
		Release|Any CPU = Release|Any CPU
	EndGlobalSection
	GlobalSection(ProjectConfigurationPlatforms) = postSolution
		{2B21147A-FEB8-492B-9989-A658EF365A28}.Debug|Any CPU.ActiveCfg = Debug|Any CPU
		{2B21147A-FEB8-492B-9989-A658EF365A28}.Debug|Any CPU.Build.0 = Debug|Any CPU
		{2B21147A-FEB8-492B-9989-A658EF365A28}.Release|Any CPU.ActiveCfg = Release|Any CPU
		{2B21147A-FEB8-492B-9989-A658EF365A28}.Release|Any CPU.Build.0 = Release|Any CPU
		{6D43BB22-CAE7-4B29-9805-883C3A0A982A}.Debug|Any CPU.ActiveCfg = Debug|Any CPU
		{6D43BB22-CAE7-4B29-9805-883C3A0A982A}.Debug|Any CPU.Build.0 = Debug|Any CPU
		{6D43BB22-CAE7-4B29-9805-883C3A0A982A}.Release|Any CPU.ActiveCfg = Release|Any CPU
		{6D43BB22-CAE7-4B29-9805-883C3A0A982A}.Release|Any CPU.Build.0 = Release|Any CPU
		{D936EB7D-814D-496E-9AF8-03ADAFC9743B}.Debug|Any CPU.ActiveCfg = Debug|Any CPU
		{D936EB7D-814D-496E-9AF8-03ADAFC9743B}.Debug|Any CPU.Build.0 = Debug|Any CPU
		{D936EB7D-814D-496E-9AF8-03ADAFC9743B}.Release|Any CPU.ActiveCfg = Release|Any CPU
		{D936EB7D-814D-496E-9AF8-03ADAFC9743B}.Release|Any CPU.Build.0 = Release|Any CPU
	EndGlobalSection
	GlobalSection(SolutionProperties) = preSolution
		HideSolutionNode = FALSE
	EndGlobalSection
	GlobalSection(ExtensibilityGlobals) = postSolution
		SolutionGuid = {6091483A-9071-4D42-9F5D-7102CA88F0BB}
	EndGlobalSection
EndGlobal
